
Microsoft Visual Studio Solution File, Format Version 11.00
# Visual Studio 2010
Project("{FAE04EC0-301F-11D3-BF4B-00C04F79EFBC}") = "RemoveSvn", "RemoveSvn\RemoveSvn.csproj", "{75CE09F3-9DE3-4706-9321-6DA13782E64D}"
EndProject
Global
	GlobalSection(SolutionConfigurationPlatforms) = preSolution
		Debug|x86 = Debug|x86
		Release|x86 = Release|x86
	EndGlobalSection
	GlobalSection(ProjectConfigurationPlatforms) = postSolution
		{75CE09F3-9DE3-4706-9321-6DA13782E64D}.Debug|x86.ActiveCfg = Debug|x86
		{75CE09F3-9DE3-4706-9321-6DA13782E64D}.Debug|x86.Build.0 = Debug|x86
		{75CE09F3-9DE3-4706-9321-6DA13782E64D}.Release|x86.ActiveCfg = Release|x86
		{75CE09F3-9DE3-4706-9321-6DA13782E64D}.Release|x86.Build.0 = Release|x86
	EndGlobalSection
	GlobalSection(SolutionProperties) = preSolution
		HideSolutionNode = FALSE
	EndGlobalSection
EndGlobal
